
Microsoft Visual Studio Solution File, Format Version 12.00
# Visual Studio Version 17
VisualStudioVersion = 17.0.31903.59
MinimumVisualStudioVersion = 10.0.40219.1
Project("{FAE04EC0-301F-11D3-BF4B-00C04F79EFBC}") = "TopSpeed", "TopSpeed\TopSpeed.csproj", "{02364452-1444-4001-964D-8E6D34506A9B}"
EndProject
Project("{FAE04EC0-301F-11D3-BF4B-00C04F79EFBC}") = "TS.Audio", "TS.Audio\TS.Audio.csproj", "{05DF8854-EB43-4CDA-A4BF-50AF711AFCB3}"
EndProject
Project("{FAE04EC0-301F-11D3-BF4B-00C04F79EFBC}") = "MiniAudioExNET", "MiniAudioExNET\MiniAudioExNET.csproj", "{E70FEC1E-596E-442F-87D6-7BC8831AACF2}"
EndProject
Project("{2150E333-8FDC-42A3-9474-1A3956D46DE8}") = "SteamAudio.NET", "SteamAudio.NET", "{04BB4D32-B190-603E-3DD4-79FAB4108249}"
EndProject
Project("{2150E333-8FDC-42A3-9474-1A3956D46DE8}") = "Src", "Src", "{87599940-07B2-8FF1-964C-3FBAC1913DBE}"
EndProject
Project("{FAE04EC0-301F-11D3-BF4B-00C04F79EFBC}") = "SteamAudio.NET", "SteamAudio.NET\Src\SteamAudio.NET.csproj", "{A9C4BB3B-6060-488A-AF50-A1AB8DB94D25}"
EndProject
Project("{2150E333-8FDC-42A3-9474-1A3956D46DE8}") = "Natives", "Natives", "{1D5C7D3E-5B93-058C-9B80-E2FF8BDFA92A}"
EndProject
Project("{FAE04EC0-301F-11D3-BF4B-00C04F79EFBC}") = "SteamAudio.NET.Natives", "SteamAudio.NET\Natives\SteamAudio.NET.Natives.csproj", "{6C2D49CC-B9AF-4DE8-927A-240C8F10A830}"
EndProject
Project("{FAE04EC0-301F-11D3-BF4B-00C04F79EFBC}") = "TopSpeed.Server", "TopSpeed.Server\TopSpeed.Server.csproj", "{2882ED2C-F1DF-405E-8F2E-E5BA67CFE575}"
EndProject
Project("{FAE04EC0-301F-11D3-BF4B-00C04F79EFBC}") = "TopSpeed.Shared", "TopSpeed.Shared\TopSpeed.Shared.csproj", "{C30C5047-3E75-4E8C-B7EF-AD273D7F0591}"
EndProject
Project("{FAE04EC0-301F-11D3-BF4B-00C04F79EFBC}") = "Updater", "Updater\Updater.csproj", "{4565E947-631E-4355-8658-71709A064159}"
EndProject
Project("{FAE04EC0-301F-11D3-BF4B-00C04F79EFBC}") = "TopSpeed.Tests", "TopSpeed.Tests\TopSpeed.Tests.csproj", "{B28984FB-3929-463A-A103-88F5005DD54C}"
EndProject
Project("{FAE04EC0-301F-11D3-BF4B-00C04F79EFBC}") = "TS.Sdl", "TS.Sdl\TS.Sdl.csproj", "{6F622151-1F4F-4C4B-8FF2-838CF4E9D154}"
EndProject
Global
	GlobalSection(SolutionConfigurationPlatforms) = preSolution
		Debug|Any CPU = Debug|Any CPU
		Debug|x64 = Debug|x64
		Debug|x86 = Debug|x86
		Release|Any CPU = Release|Any CPU
		Release|x64 = Release|x64
		Release|x86 = Release|x86
	EndGlobalSection
	GlobalSection(ProjectConfigurationPlatforms) = postSolution
		{02364452-1444-4001-964D-8E6D34506A9B}.Debug|Any CPU.ActiveCfg = Debug|Any CPU
		{02364452-1444-4001-964D-8E6D34506A9B}.Debug|Any CPU.Build.0 = Debug|Any CPU
		{02364452-1444-4001-964D-8E6D34506A9B}.Debug|x64.ActiveCfg = Debug|Any CPU
		{02364452-1444-4001-964D-8E6D34506A9B}.Debug|x64.Build.0 = Debug|Any CPU
		{02364452-1444-4001-964D-8E6D34506A9B}.Debug|x86.ActiveCfg = Debug|Any CPU
		{02364452-1444-4001-964D-8E6D34506A9B}.Debug|x86.Build.0 = Debug|Any CPU
		{02364452-1444-4001-964D-8E6D34506A9B}.Release|Any CPU.ActiveCfg = Release|Any CPU
		{02364452-1444-4001-964D-8E6D34506A9B}.Release|Any CPU.Build.0 = Release|Any CPU
		{02364452-1444-4001-964D-8E6D34506A9B}.Release|x64.ActiveCfg = Release|Any CPU
		{02364452-1444-4001-964D-8E6D34506A9B}.Release|x64.Build.0 = Release|Any CPU
		{02364452-1444-4001-964D-8E6D34506A9B}.Release|x86.ActiveCfg = Release|Any CPU
		{02364452-1444-4001-964D-8E6D34506A9B}.Release|x86.Build.0 = Release|Any CPU
		{05DF8854-EB43-4CDA-A4BF-50AF711AFCB3}.Debug|Any CPU.ActiveCfg = Debug|Any CPU
		{05DF8854-EB43-4CDA-A4BF-50AF711AFCB3}.Debug|Any CPU.Build.0 = Debug|Any CPU
		{05DF8854-EB43-4CDA-A4BF-50AF711AFCB3}.Debug|x64.ActiveCfg = Debug|Any CPU
		{05DF8854-EB43-4CDA-A4BF-50AF711AFCB3}.Debug|x64.Build.0 = Debug|Any CPU
		{05DF8854-EB43-4CDA-A4BF-50AF711AFCB3}.Debug|x86.ActiveCfg = Debug|Any CPU
		{05DF8854-EB43-4CDA-A4BF-50AF711AFCB3}.Debug|x86.Build.0 = Debug|Any CPU
		{05DF8854-EB43-4CDA-A4BF-50AF711AFCB3}.Release|Any CPU.ActiveCfg = Release|Any CPU
		{05DF8854-EB43-4CDA-A4BF-50AF711AFCB3}.Release|Any CPU.Build.0 = Release|Any CPU
		{05DF8854-EB43-4CDA-A4BF-50AF711AFCB3}.Release|x64.ActiveCfg = Release|Any CPU
		{05DF8854-EB43-4CDA-A4BF-50AF711AFCB3}.Release|x64.Build.0 = Release|Any CPU
		{05DF8854-EB43-4CDA-A4BF-50AF711AFCB3}.Release|x86.ActiveCfg = Release|Any CPU
		{05DF8854-EB43-4CDA-A4BF-50AF711AFCB3}.Release|x86.Build.0 = Release|Any CPU
		{E70FEC1E-596E-442F-87D6-7BC8831AACF2}.Debug|Any CPU.ActiveCfg = Debug|Any CPU
		{E70FEC1E-596E-442F-87D6-7BC8831AACF2}.Debug|Any CPU.Build.0 = Debug|Any CPU
		{E70FEC1E-596E-442F-87D6-7BC8831AACF2}.Debug|x64.ActiveCfg = Debug|Any CPU
		{E70FEC1E-596E-442F-87D6-7BC8831AACF2}.Debug|x64.Build.0 = Debug|Any CPU
		{E70FEC1E-596E-442F-87D6-7BC8831AACF2}.Debug|x86.ActiveCfg = Debug|Any CPU
		{E70FEC1E-596E-442F-87D6-7BC8831AACF2}.Debug|x86.Build.0 = Debug|Any CPU
		{E70FEC1E-596E-442F-87D6-7BC8831AACF2}.Release|Any CPU.ActiveCfg = Release|Any CPU
		{E70FEC1E-596E-442F-87D6-7BC8831AACF2}.Release|Any CPU.Build.0 = Release|Any CPU
		{E70FEC1E-596E-442F-87D6-7BC8831AACF2}.Release|x64.ActiveCfg = Release|Any CPU
		{E70FEC1E-596E-442F-87D6-7BC8831AACF2}.Release|x64.Build.0 = Release|Any CPU
		{E70FEC1E-596E-442F-87D6-7BC8831AACF2}.Release|x86.ActiveCfg = Release|Any CPU
		{E70FEC1E-596E-442F-87D6-7BC8831AACF2}.Release|x86.Build.0 = Release|Any CPU
		{A9C4BB3B-6060-488A-AF50-A1AB8DB94D25}.Debug|Any CPU.ActiveCfg = Debug|Any CPU
		{A9C4BB3B-6060-488A-AF50-A1AB8DB94D25}.Debug|Any CPU.Build.0 = Debug|Any CPU
		{A9C4BB3B-6060-488A-AF50-A1AB8DB94D25}.Debug|x64.ActiveCfg = Debug|Any CPU
		{A9C4BB3B-6060-488A-AF50-A1AB8DB94D25}.Debug|x64.Build.0 = Debug|Any CPU
		{A9C4BB3B-6060-488A-AF50-A1AB8DB94D25}.Debug|x86.ActiveCfg = Debug|Any CPU
		{A9C4BB3B-6060-488A-AF50-A1AB8DB94D25}.Debug|x86.Build.0 = Debug|Any CPU
		{A9C4BB3B-6060-488A-AF50-A1AB8DB94D25}.Release|Any CPU.ActiveCfg = Release|Any CPU
		{A9C4BB3B-6060-488A-AF50-A1AB8DB94D25}.Release|Any CPU.Build.0 = Release|Any CPU
		{A9C4BB3B-6060-488A-AF50-A1AB8DB94D25}.Release|x64.ActiveCfg = Release|Any CPU
		{A9C4BB3B-6060-488A-AF50-A1AB8DB94D25}.Release|x64.Build.0 = Release|Any CPU
		{A9C4BB3B-6060-488A-AF50-A1AB8DB94D25}.Release|x86.ActiveCfg = Release|Any CPU
		{A9C4BB3B-6060-488A-AF50-A1AB8DB94D25}.Release|x86.Build.0 = Release|Any CPU
		{6C2D49CC-B9AF-4DE8-927A-240C8F10A830}.Debug|Any CPU.ActiveCfg = Debug|Any CPU
		{6C2D49CC-B9AF-4DE8-927A-240C8F10A830}.Debug|Any CPU.Build.0 = Debug|Any CPU
		{6C2D49CC-B9AF-4DE8-927A-240C8F10A830}.Debug|x64.ActiveCfg = Debug|Any CPU
		{6C2D49CC-B9AF-4DE8-927A-240C8F10A830}.Debug|x64.Build.0 = Debug|Any CPU
		{6C2D49CC-B9AF-4DE8-927A-240C8F10A830}.Debug|x86.ActiveCfg = Debug|Any CPU
		{6C2D49CC-B9AF-4DE8-927A-240C8F10A830}.Debug|x86.Build.0 = Debug|Any CPU
		{6C2D49CC-B9AF-4DE8-927A-240C8F10A830}.Release|Any CPU.ActiveCfg = Release|Any CPU
		{6C2D49CC-B9AF-4DE8-927A-240C8F10A830}.Release|Any CPU.Build.0 = Release|Any CPU
		{6C2D49CC-B9AF-4DE8-927A-240C8F10A830}.Release|x64.ActiveCfg = Release|Any CPU
		{6C2D49CC-B9AF-4DE8-927A-240C8F10A830}.Release|x64.Build.0 = Release|Any CPU
		{6C2D49CC-B9AF-4DE8-927A-240C8F10A830}.Release|x86.ActiveCfg = Release|Any CPU
		{6C2D49CC-B9AF-4DE8-927A-240C8F10A830}.Release|x86.Build.0 = Release|Any CPU
		{2882ED2C-F1DF-405E-8F2E-E5BA67CFE575}.Debug|Any CPU.ActiveCfg = Release|Any CPU
		{2882ED2C-F1DF-405E-8F2E-E5BA67CFE575}.Debug|Any CPU.Build.0 = Release|Any CPU
		{2882ED2C-F1DF-405E-8F2E-E5BA67CFE575}.Debug|x64.ActiveCfg = Release|Any CPU
		{2882ED2C-F1DF-405E-8F2E-E5BA67CFE575}.Debug|x64.Build.0 = Release|Any CPU
		{2882ED2C-F1DF-405E-8F2E-E5BA67CFE575}.Debug|x86.ActiveCfg = Release|Any CPU
		{2882ED2C-F1DF-405E-8F2E-E5BA67CFE575}.Debug|x86.Build.0 = Release|Any CPU
		{2882ED2C-F1DF-405E-8F2E-E5BA67CFE575}.Release|Any CPU.ActiveCfg = Release|Any CPU
		{2882ED2C-F1DF-405E-8F2E-E5BA67CFE575}.Release|Any CPU.Build.0 = Release|Any CPU
		{2882ED2C-F1DF-405E-8F2E-E5BA67CFE575}.Release|x64.ActiveCfg = Release|Any CPU
		{2882ED2C-F1DF-405E-8F2E-E5BA67CFE575}.Release|x64.Build.0 = Release|Any CPU
		{2882ED2C-F1DF-405E-8F2E-E5BA67CFE575}.Release|x86.ActiveCfg = Release|Any CPU
		{2882ED2C-F1DF-405E-8F2E-E5BA67CFE575}.Release|x86.Build.0 = Release|Any CPU
		{C30C5047-3E75-4E8C-B7EF-AD273D7F0591}.Debug|Any CPU.ActiveCfg = Debug|Any CPU
		{C30C5047-3E75-4E8C-B7EF-AD273D7F0591}.Debug|Any CPU.Build.0 = Debug|Any CPU
		{C30C5047-3E75-4E8C-B7EF-AD273D7F0591}.Debug|x64.ActiveCfg = Debug|Any CPU
		{C30C5047-3E75-4E8C-B7EF-AD273D7F0591}.Debug|x64.Build.0 = Debug|Any CPU
		{C30C5047-3E75-4E8C-B7EF-AD273D7F0591}.Debug|x86.ActiveCfg = Debug|Any CPU
		{C30C5047-3E75-4E8C-B7EF-AD273D7F0591}.Debug|x86.Build.0 = Debug|Any CPU
		{C30C5047-3E75-4E8C-B7EF-AD273D7F0591}.Release|Any CPU.ActiveCfg = Release|Any CPU
		{C30C5047-3E75-4E8C-B7EF-AD273D7F0591}.Release|Any CPU.Build.0 = Release|Any CPU
		{C30C5047-3E75-4E8C-B7EF-AD273D7F0591}.Release|x64.ActiveCfg = Release|Any CPU
		{C30C5047-3E75-4E8C-B7EF-AD273D7F0591}.Release|x64.Build.0 = Release|Any CPU
		{C30C5047-3E75-4E8C-B7EF-AD273D7F0591}.Release|x86.ActiveCfg = Release|Any CPU
		{C30C5047-3E75-4E8C-B7EF-AD273D7F0591}.Release|x86.Build.0 = Release|Any CPU
		{4565E947-631E-4355-8658-71709A064159}.Debug|Any CPU.ActiveCfg = Debug|Any CPU
		{4565E947-631E-4355-8658-71709A064159}.Debug|Any CPU.Build.0 = Debug|Any CPU
		{4565E947-631E-4355-8658-71709A064159}.Debug|x64.ActiveCfg = Debug|Any CPU
		{4565E947-631E-4355-8658-71709A064159}.Debug|x64.Build.0 = Debug|Any CPU
		{4565E947-631E-4355-8658-71709A064159}.Debug|x86.ActiveCfg = Debug|Any CPU
		{4565E947-631E-4355-8658-71709A064159}.Debug|x86.Build.0 = Debug|Any CPU
		{4565E947-631E-4355-8658-71709A064159}.Release|Any CPU.ActiveCfg = Release|Any CPU
		{4565E947-631E-4355-8658-71709A064159}.Release|Any CPU.Build.0 = Release|Any CPU
		{4565E947-631E-4355-8658-71709A064159}.Release|x64.ActiveCfg = Release|Any CPU
		{4565E947-631E-4355-8658-71709A064159}.Release|x64.Build.0 = Release|Any CPU
		{4565E947-631E-4355-8658-71709A064159}.Release|x86.ActiveCfg = Release|Any CPU
		{4565E947-631E-4355-8658-71709A064159}.Release|x86.Build.0 = Release|Any CPU
		{B28984FB-3929-463A-A103-88F5005DD54C}.Debug|Any CPU.ActiveCfg = Debug|Any CPU
		{B28984FB-3929-463A-A103-88F5005DD54C}.Debug|Any CPU.Build.0 = Debug|Any CPU
		{B28984FB-3929-463A-A103-88F5005DD54C}.Debug|x64.ActiveCfg = Debug|Any CPU
		{B28984FB-3929-463A-A103-88F5005DD54C}.Debug|x64.Build.0 = Debug|Any CPU
		{B28984FB-3929-463A-A103-88F5005DD54C}.Debug|x86.ActiveCfg = Debug|Any CPU
		{B28984FB-3929-463A-A103-88F5005DD54C}.Debug|x86.Build.0 = Debug|Any CPU
		{B28984FB-3929-463A-A103-88F5005DD54C}.Release|Any CPU.ActiveCfg = Release|Any CPU
		{B28984FB-3929-463A-A103-88F5005DD54C}.Release|Any CPU.Build.0 = Release|Any CPU
		{B28984FB-3929-463A-A103-88F5005DD54C}.Release|x64.ActiveCfg = Release|Any CPU
		{B28984FB-3929-463A-A103-88F5005DD54C}.Release|x64.Build.0 = Release|Any CPU
		{B28984FB-3929-463A-A103-88F5005DD54C}.Release|x86.ActiveCfg = Release|Any CPU
		{B28984FB-3929-463A-A103-88F5005DD54C}.Release|x86.Build.0 = Release|Any CPU
		{6F622151-1F4F-4C4B-8FF2-838CF4E9D154}.Debug|Any CPU.ActiveCfg = Debug|Any CPU
		{6F622151-1F4F-4C4B-8FF2-838CF4E9D154}.Debug|Any CPU.Build.0 = Debug|Any CPU
		{6F622151-1F4F-4C4B-8FF2-838CF4E9D154}.Debug|x64.ActiveCfg = Debug|Any CPU
		{6F622151-1F4F-4C4B-8FF2-838CF4E9D154}.Debug|x64.Build.0 = Debug|Any CPU
		{6F622151-1F4F-4C4B-8FF2-838CF4E9D154}.Debug|x86.ActiveCfg = Debug|Any CPU
		{6F622151-1F4F-4C4B-8FF2-838CF4E9D154}.Debug|x86.Build.0 = Debug|Any CPU
		{6F622151-1F4F-4C4B-8FF2-838CF4E9D154}.Release|Any CPU.ActiveCfg = Release|Any CPU
		{6F622151-1F4F-4C4B-8FF2-838CF4E9D154}.Release|Any CPU.Build.0 = Release|Any CPU
		{6F622151-1F4F-4C4B-8FF2-838CF4E9D154}.Release|x64.ActiveCfg = Release|Any CPU
		{6F622151-1F4F-4C4B-8FF2-838CF4E9D154}.Release|x64.Build.0 = Release|Any CPU
		{6F622151-1F4F-4C4B-8FF2-838CF4E9D154}.Release|x86.ActiveCfg = Release|Any CPU
		{6F622151-1F4F-4C4B-8FF2-838CF4E9D154}.Release|x86.Build.0 = Release|Any CPU
	EndGlobalSection
	GlobalSection(SolutionProperties) = preSolution
		HideSolutionNode = FALSE
	EndGlobalSection
	GlobalSection(NestedProjects) = preSolution
		{87599940-07B2-8FF1-964C-3FBAC1913DBE} = {04BB4D32-B190-603E-3DD4-79FAB4108249}
		{A9C4BB3B-6060-488A-AF50-A1AB8DB94D25} = {87599940-07B2-8FF1-964C-3FBAC1913DBE}
		{1D5C7D3E-5B93-058C-9B80-E2FF8BDFA92A} = {04BB4D32-B190-603E-3DD4-79FAB4108249}
		{6C2D49CC-B9AF-4DE8-927A-240C8F10A830} = {1D5C7D3E-5B93-058C-9B80-E2FF8BDFA92A}
	EndGlobalSection
EndGlobal
